
Microsoft Visual Studio Solution File, Format Version 12.00
# Visual Studio Version 17
VisualStudioVersion = 17.1.32210.238
MinimumVisualStudioVersion = 10.0.40219.1
Project("{FAE04EC0-301F-11D3-BF4B-00C04F79EFBC}") = "TABAS.BackEnd", "TABAS.BackEnd.csproj", "{3D527BE2-6FE4-40C2-861C-857C438DBFBC}"
EndProject
Global
	GlobalSection(SolutionConfigurationPlatforms) = preSolution
		Debug|Any CPU = Debug|Any CPU
		Release|Any CPU = Release|Any CPU
	EndGlobalSection
	GlobalSection(ProjectConfigurationPlatforms) = postSolution
		{3D527BE2-6FE4-40C2-861C-857C438DBFBC}.Debug|Any CPU.ActiveCfg = Debug|Any CPU
		{3D527BE2-6FE4-40C2-861C-857C438DBFBC}.Debug|Any CPU.Build.0 = Debug|Any CPU
		{3D527BE2-6FE4-40C2-861C-857C438DBFBC}.Release|Any CPU.ActiveCfg = Release|Any CPU
		{3D527BE2-6FE4-40C2-861C-857C438DBFBC}.Release|Any CPU.Build.0 = Release|Any CPU
	EndGlobalSection
	GlobalSection(SolutionProperties) = preSolution
		HideSolutionNode = FALSE
	EndGlobalSection
	GlobalSection(ExtensibilityGlobals) = postSolution
		SolutionGuid = {182F20C8-6C4D-4E35-87C9-DDF540C83FE9}
	EndGlobalSection
EndGlobal
